
Microsoft Visual Studio Solution File, Format Version 12.00
# Visual Studio Version 17
VisualStudioVersion = 17.0.31903.59
MinimumVisualStudioVersion = 10.0.40219.1
Project("{FAE04EC0-301F-11D3-BF4B-00C04F79EFBC}") = "HierarchScraper.Core", "HierarchScraper.Core\HierarchScraper.Core.csproj", "{40704A35-00ED-493B-9DBC-6237FA10416F}"
EndProject
Project("{FAE04EC0-301F-11D3-BF4B-00C04F79EFBC}") = "HierarchScraper.Infrastructure", "HierarchScraper.Infrastructure\HierarchScraper.Infrastructure.csproj", "{CDF1DFA9-2893-4E46-AE55-26A2279346F1}"
EndProject
Project("{FAE04EC0-301F-11D3-BF4B-00C04F79EFBC}") = "HierarchScraper.API", "HierarchScraper.API\HierarchScraper.API.csproj", "{F810B41F-EEFC-459A-97F6-F610F03B18DF}"
EndProject
Global
	GlobalSection(SolutionConfigurationPlatforms) = preSolution
		Debug|Any CPU = Debug|Any CPU
		Release|Any CPU = Release|Any CPU
	EndGlobalSection
	GlobalSection(SolutionProperties) = preSolution
		HideSolutionNode = FALSE
	EndGlobalSection
	GlobalSection(ProjectConfigurationPlatforms) = postSolution
		{40704A35-00ED-493B-9DBC-6237FA10416F}.Debug|Any CPU.ActiveCfg = Debug|Any CPU
		{40704A35-00ED-493B-9DBC-6237FA10416F}.Debug|Any CPU.Build.0 = Debug|Any CPU
		{40704A35-00ED-493B-9DBC-6237FA10416F}.Release|Any CPU.ActiveCfg = Release|Any CPU
		{40704A35-00ED-493B-9DBC-6237FA10416F}.Release|Any CPU.Build.0 = Release|Any CPU
		{CDF1DFA9-2893-4E46-AE55-26A2279346F1}.Debug|Any CPU.ActiveCfg = Debug|Any CPU
		{CDF1DFA9-2893-4E46-AE55-26A2279346F1}.Debug|Any CPU.Build.0 = Debug|Any CPU
		{CDF1DFA9-2893-4E46-AE55-26A2279346F1}.Release|Any CPU.ActiveCfg = Release|Any CPU
		{CDF1DFA9-2893-4E46-AE55-26A2279346F1}.Release|Any CPU.Build.0 = Release|Any CPU
		{F810B41F-EEFC-459A-97F6-F610F03B18DF}.Debug|Any CPU.ActiveCfg = Debug|Any CPU
		{F810B41F-EEFC-459A-97F6-F610F03B18DF}.Debug|Any CPU.Build.0 = Debug|Any CPU
		{F810B41F-EEFC-459A-97F6-F610F03B18DF}.Release|Any CPU.ActiveCfg = Release|Any CPU
		{F810B41F-EEFC-459A-97F6-F610F03B18DF}.Release|Any CPU.Build.0 = Release|Any CPU
	EndGlobalSection
EndGlobal
